// !$*UTF8*$!
{
	archiveVersion = 1;
	classes = {
	};
	objectVersion = 46;
	objects = {

/* Begin PBXBuildFile section */
		17AC11DF1CD4C70500B76EC6 /* AppDelegate.swift in Sources */ = {isa = PBXBuildFile; fileRef = 17AC11DE1CD4C70500B76EC6 /* AppDelegate.swift */; };
		17AC11E11CD4C70500B76EC6 /* ViewController.swift in Sources */ = {isa = PBXBuildFile; fileRef = 17AC11E01CD4C70500B76EC6 /* ViewController.swift */; };
		17AC11E41CD4C70500B76EC6 /* Main.storyboard in Resources */ = {isa = PBXBuildFile; fileRef = 17AC11E21CD4C70500B76EC6 /* Main.storyboard */; };
		17AC11E61CD4C70500B76EC6 /* Assets.xcassets in Resources */ = {isa = PBXBuildFile; fileRef = 17AC11E51CD4C70500B76EC6 /* Assets.xcassets */; };
		17AC11E91CD4C70500B76EC6 /* LaunchScreen.storyboard in Resources */ = {isa = PBXBuildFile; fileRef = 17AC11E71CD4C70500B76EC6 /* LaunchScreen.storyboard */; };
/* End PBXBuildFile section */

/* Begin PBXFileReference section */
		17AC11DB1CD4C70500B76EC6 /* Tap me.app */ = {isa = PBXFileReference; explicitFileType = wrapper.application; includeInIndex = 0; path = "Tap me.app"; sourceTree = BUILT_PRODUCTS_DIR; };
		17AC11DE1CD4C70500B76EC6 /* AppDelegate.swift */ = {isa = PBXFileReference; lastKnownFileType = sourcecode.swift; path = AppDelegate.swift; sourceTree = "<group>"; };
		17AC11E01CD4C70500B76EC6 /* ViewController.swift */ = {isa = PBXFileReference; lastKnownFileType = sourcecode.swift; path = ViewController.swift; sourceTree = "<group>"; };
		17AC11E31CD4C70500B76EC6 /* Base */ = {isa = PBXFileReference; lastKnownFileType = file.storyboard; name = Base; path = Base.lproj/Main.storyboard; sourceTree = "<group>"; };
		17AC11E51CD4C70500B76EC6 /* Assets.xcassets */ = {isa = PBXFileReference; lastKnownFileType = folder.assetcatalog; path = Assets.xcassets; sourceTree = "<group>"; };
		17AC11E81CD4C70500B76EC6 /* Base */ = {isa = PBXFileReference; lastKnownFileType = file.storyboard; name = Base; path = Base.lproj/LaunchScreen.storyboard; sourceTree = "<group>"; };
		17AC11EA1CD4C70500B76EC6 /* Info.plist */ = {isa = PBXFileReference; lastKnownFileType = text.plist.xml; path = Info.plist; sourceTree = "<group>"; };
/* End PBXFileReference section */

/* Begin PBXFrameworksBuildPhase section */
		17AC11D81CD4C70400B76EC6 /* Frameworks */ = {
			isa = PBXFrameworksBuildPhase;
			buildActionMask = 2147483647;
			files = (
			);
			runOnlyForDeploymentPostprocessing = 0;
		};
/* End PBXFrameworksBuildPhase section */

/* Begin PBXGroup section */
		17AC11D21CD4C70400B76EC6 = {
			isa = PBXGroup;
			children = (
				17AC11DD1CD4C70500B76EC6 /* Tap me */,
				17AC11DC1CD4C70500B76EC6 /* Products */,
			);
			sourceTree = "<group>";
		};
		17AC11DC1CD4C70500B76EC6 /* Products */ = {
			isa = PBXGroup;
			children = (
				17AC11DB1CD4C70500B76EC6 /* Tap me.app */,
			);
			name = Products;
			sourceTree = "<group>";
		};
		17AC11DD1CD4C70500B76EC6 /* Tap me */ = {
			isa = PBXGroup;
			children = (
				17AC11DE1CD4C70500B76EC6 /* AppDelegate.swift */,
				17AC11E01CD4C70500B76EC6 /* ViewController.swift */,
				17AC11E21CD4C70500B76EC6 /* Main.storyboard */,
				17AC11E51CD4C70500B76EC6 /* Assets.xcassets */,
				17AC11E71CD4C70500B76EC6 /* LaunchScreen.storyboard */,
				17AC11EA1CD4C70500B76EC6 /* Info.plist */,
			);
			path = "Tap me";
			sourceTree = "<group>";
		};
/* End PBXGroup section */

/* Begin PBXNativeTarget section */
		17AC11DA1CD4C70400B76EC6 /* Tap me */ = {
			isa = PBXNativeTarget;
			buildConfigurationList = 17AC11ED1CD4C70500B76EC6 /* Build configuration list for PBXNativeTarget "Tap me" */;
			buildPhases = (
				17AC11D71CD4C70400B76EC6 /* Sources */,
				17AC11D81CD4C70400B76EC6 /* Frameworks */,
				17AC11D91CD4C70400B76EC6 /* Resources */,
			);
			buildRules = (
			);
			dependencies = (
			);
			name = "Tap me";
			productName = "Tap me";
			productReference = 17AC11DB1CD4C70500B76EC6 /* Tap me.app */;
			productType = "com.apple.product-type.application";
		};
/* End PBXNativeTarget section */

/* Begin PBXProject section */
		17AC11D31CD4C70400B76EC6 /* Project object */ = {
			isa = PBXProject;
			attributes = {
				LastSwiftUpdateCheck = 0720;
				LastUpgradeCheck = 0720;
				ORGANIZATIONNAME = "Vu Hoang";
				TargetAttributes = {
					17AC11DA1CD4C70400B76EC6 = {
						CreatedOnToolsVersion = 7.2.1;
						DevelopmentTeam = Z3W9B9SJ6S;
					};
				};
			};
			buildConfigurationList = 17AC11D61CD4C70400B76EC6 /* Build configuration list for PBXProject "Tap me" */;
			compatibilityVersion = "Xcode 3.2";
			developmentRegion = English;
			hasScannedForEncodings = 0;
			knownRegions = (
				en,
				Base,
			);
			mainGroup = 17AC11D21CD4C70400B76EC6;
			productRefGroup = 17AC11DC1CD4C70500B76EC6 /* Products */;
			projectDirPath = "";
			projectRoot = "";
			targets = (
				17AC11DA1CD4C70400B76EC6 /* Tap me */,
			);
		};
/* End PBXProject section */

/* Begin PBXResourcesBuildPhase section */
		17AC11D91CD4C70400B76EC6 /* Resources */ = {
			isa = PBXResourcesBuildPhase;
			buildActionMask = 2147483647;
			files = (
				17AC11E91CD4C70500B76EC6 /* LaunchScreen.storyboard in Resources */,
				17AC11E61CD4C70500B76EC6 /* Assets.xcassets in Resources */,
				17AC11E41CD4C70500B76EC6 /* Main.storyboard in Resources */,
			);
			runOnlyForDeploymentPostprocessing = 0;
		};
/* End PBXResourcesBuildPhase section */

/* Begin PBXSourcesBuildPhase section */
		17AC11D71CD4C70400B76EC6 /* Sources */ = {
			isa = PBXSourcesBuildPhase;
			buildActionMask = 2147483647;
			files = (
				17AC11E11CD4C70500B76EC6 /* ViewController.swift in Sources */,
				17AC11DF1CD4C70500B76EC6 /* AppDelegate.swift in Sources */,
			);
			runOnlyForDeploymentPostprocessing = 0;
		};
/* End PBXSourcesBuildPhase section */

/* Begin PBXVariantGroup section */
		17AC11E21CD4C70500B76EC6 /* Main.storyboard */ = {
			isa = PBXVariantGroup;
			children = (
				17AC11E31CD4C70500B76EC6 /* Base */,
			);
			name = Main.storyboard;
			sourceTree = "<group>";
		};
		17AC11E71CD4C70500B76EC6 /* LaunchScreen.storyboard */ = {
			isa = PBXVariantGroup;
			children = (
				17AC11E81CD4C70500B76EC6 /* Base */,
			);
			name = LaunchScreen.storyboard;
			sourceTree = "<group>";
		};
/* End PBXVariantGroup section */

/* Begin XCBuildConfiguration section */
		17AC11EB1CD4C70500B76EC6 /* Debug */ = {
			isa = XCBuildConfiguration;
			buildSettings = {
				ALWAYS_SEARCH_USER_PATHS = NO;
				CLANG_CXX_LANGUAGE_STANDARD = "gnu++0x";
				CLANG_CXX_LIBRARY = "libc++";
				CLANG_ENABLE_MODULES = YES;
				CLANG_ENABLE_OBJC_ARC = YES;
				CLANG_WARN_BOOL_CONVERSION = YES;
				CLANG_WARN_CONSTANT_CONVERSION = YES;
				CLANG_WARN_DIRECT_OBJC_ISA_USAGE = YES_ERROR;
				CLANG_WARN_EMPTY_BODY = YES;
				CLANG_WARN_ENUM_CONVERSION = YES;
				CLANG_WARN_INT_CONVERSION = YES;
				CLANG_WARN_OBJC_ROOT_CLASS = YES_ERROR;
				CLANG_WARN_UNREACHABLE_CODE = YES;
				CLANG_WARN__DUPLICATE_METHOD_MATCH = YES;
				"CODE_SIGN_IDENTITY[sdk=iphoneos*]" = "iPhone Developer";
				COPY_PHASE_STRIP = NO;
				DEBUG_INFORMATION_FORMAT = dwarf;
				ENABLE_STRICT_OBJC_MSGSEND = YES;
				ENABLE_TESTABILITY = YES;
				GCC_C_LANGUAGE_STANDARD = gnu99;
				GCC_DYNAMIC_NO_PIC = NO;
				GCC_NO_COMMON_BLOCKS = YES;
				GCC_OPTIMIZATION_LEVEL = 0;
				GCC_PREPROCESSOR_DEFINITIONS = (
					"DEBUG=1",
					"$(inherited)",
				);
				GCC_WARN_64_TO_32_BIT_CONVERSION = YES;
				GCC_WARN_ABOUT_RETURN_TYPE = YES_ERROR;
				GCC_WARN_UNDECLARED_SELECTOR = YES;
				GCC_WARN_UNINITIALIZED_AUTOS = YES_AGGRESSIVE;
				GCC_WARN_UNUSED_FUNCTION = YES;
				GCC_WARN_UNUSED_VARIABLE = YES;
				IPHONEOS_DEPLOYMENT_TARGET = 9.2;
				MTL_ENABLE_DEBUG_INFO = YES;
				ONLY_ACTIVE_ARCH = YES;
				SDKROOT = iphoneos;
				SWIFT_OPTIMIZATION_LEVEL = "-Onone";
			};
			name = Debug;
		};
		17AC11EC1CD4C70500B76EC6 /* Release */ = {
			isa = XCBuildConfiguration;
			buildSettings = {
				ALWAYS_SEARCH_USER_PATHS = NO;
				CLANG_CXX_LANGUAGE_STANDARD = "gnu++0x";
				CLANG_CXX_LIBRARY = "libc++";
				CLANG_ENABLE_MODULES = YES;
				CLANG_ENABLE_OBJC_ARC = YES;
				CLANG_WARN_BOOL_CONVERSION = YES;
				CLANG_WARN_CONSTANT_CONVERSION = YES;
				CLANG_WARN_DIRECT_OBJC_ISA_USAGE = YES_ERROR;
				CLANG_WARN_EMPTY_BODY = YES;
				CLANG_WARN_ENUM_CONVERSION = YES;
				CLANG_WARN_INT_CONVERSION = YES;
				CLANG_WARN_OBJC_ROOT_CLASS = YES_ERROR;
				CLANG_WARN_UNREACHABLE_CODE = YES;
				CLANG_WARN__DUPLICATE_METHOD_MATCH = YES;
				"CODE_SIGN_IDENTITY[sdk=iphoneos*]" = "iPhone Developer";
				COPY_PHASE_STRIP = NO;
				DEBUG_INFORMATION_FORMAT = "dwarf-with-dsym";
				ENABLE_NS_ASSERTIONS = NO;
				ENABLE_STRICT_OBJC_MSGSEND = YES;
				GCC_C_LANGUAGE_STANDARD = gnu99;
				GCC_NO_COMMON_BLOCKS = YES;
				GCC_WARN_64_TO_32_BIT_CONVERSION = YES;
				GCC_WARN_ABOUT_RETURN_TYPE = YES_ERROR;
				GCC_WARN_UNDECLARED_SELECTOR = YES;
				GCC_WARN_UNINITIALIZED_AUTOS = YES_AGGRESSIVE;
				GCC_WARN_UNUSED_FUNCTION = YES;
				GCC_WARN_UNUSED_VARIABLE = YES;
				IPHONEOS_DEPLOYMENT_TARGET = 9.2;
				MTL_ENABLE_DEBUG_INFO = NO;
				SDKROOT = iphoneos;
				VALIDATE_PRODUCT = YES;
			};
			name = Release;
		};
		17AC11EE1CD4C70500B76EC6 /* Debug */ = {
			isa = XCBuildConfiguration;
			buildSettings = {
				ASSETCATALOG_COMPILER_APPICON_NAME = AppIcon;
				INFOPLIST_FILE = "Tap me/Info.plist";
				LD_RUNPATH_SEARCH_PATHS = "$(inherited) @executable_path/Frameworks";
				PRODUCT_BUNDLE_IDENTIFIER = "homework.Tap-me";
				PRODUCT_NAME = "$(TARGET_NAME)";
			};
			name = Debug;
		};
		17AC11EF1CD4C70500B76EC6 /* Release */ = {
			isa = XCBuildConfiguration;
			buildSettings = {
				ASSETCATALOG_COMPILER_APPICON_NAME = AppIcon;
				INFOPLIST_FILE = "Tap me/Info.plist";
				LD_RUNPATH_SEARCH_PATHS = "$(inherited) @executable_path/Frameworks";
				PRODUCT_BUNDLE_IDENTIFIER = "homework.Tap-me";
				PRODUCT_NAME = "$(TARGET_NAME)";
			};
			name = Release;
		};
/* End XCBuildConfiguration section */

/* Begin XCConfigurationList section */
		17AC11D61CD4C70400B76EC6 /* Build configuration list for PBXProject "Tap me" */ = {
			isa = XCConfigurationList;
			buildConfigurations = (
				17AC11EB1CD4C70500B76EC6 /* Debug */,
				17AC11EC1CD4C70500B76EC6 /* Release */,
			);
			defaultConfigurationIsVisible = 0;
			defaultConfigurationName = Release;
		};
		17AC11ED1CD4C70500B76EC6 /* Build configuration list for PBXNativeTarget "Tap me" */ = {
			isa = XCConfigurationList;
			buildConfigurations = (
				17AC11EE1CD4C70500B76EC6 /* Debug */,
				17AC11EF1CD4C70500B76EC6 /* Release */,
			);
			defaultConfigurationIsVisible = 0;
		};
/* End XCConfigurationList section */
	};
	rootObject = 17AC11D31CD4C70400B76EC6 /* Project object */;
}
