// !$*UTF8*$!
{
	archiveVersion = 1;
	classes = {
	};
	objectVersion = 46;
	objects = {

/* Begin PBXBuildFile section */
		17AC11931CD1B7E900B76EC6 /* AppDelegate.swift in Sources */ = {isa = PBXBuildFile; fileRef = 17AC11921CD1B7E900B76EC6 /* AppDelegate.swift */; };
		17AC119A1CD1B7E900B76EC6 /* Assets.xcassets in Resources */ = {isa = PBXBuildFile; fileRef = 17AC11991CD1B7E900B76EC6 /* Assets.xcassets */; };
		17AC119D1CD1B7E900B76EC6 /* LaunchScreen.storyboard in Resources */ = {isa = PBXBuildFile; fileRef = 17AC119B1CD1B7E900B76EC6 /* LaunchScreen.storyboard */; };
		17AC11A61CD24C6300B76EC6 /* RootViewController.swift in Sources */ = {isa = PBXBuildFile; fileRef = 17AC11A41CD24C6300B76EC6 /* RootViewController.swift */; };
		17AC11A71CD24C6300B76EC6 /* RootViewController.xib in Resources */ = {isa = PBXBuildFile; fileRef = 17AC11A51CD24C6300B76EC6 /* RootViewController.xib */; };
/* End PBXBuildFile section */

/* Begin PBXFileReference section */
		17AC118F1CD1B7E900B76EC6 /* SwiftBasic.app */ = {isa = PBXFileReference; explicitFileType = wrapper.application; includeInIndex = 0; path = SwiftBasic.app; sourceTree = BUILT_PRODUCTS_DIR; };
		17AC11921CD1B7E900B76EC6 /* AppDelegate.swift */ = {isa = PBXFileReference; lastKnownFileType = sourcecode.swift; path = AppDelegate.swift; sourceTree = "<group>"; };
		17AC11991CD1B7E900B76EC6 /* Assets.xcassets */ = {isa = PBXFileReference; lastKnownFileType = folder.assetcatalog; path = Assets.xcassets; sourceTree = "<group>"; };
		17AC119C1CD1B7E900B76EC6 /* Base */ = {isa = PBXFileReference; lastKnownFileType = file.storyboard; name = Base; path = Base.lproj/LaunchScreen.storyboard; sourceTree = "<group>"; };
		17AC119E1CD1B7E900B76EC6 /* Info.plist */ = {isa = PBXFileReference; lastKnownFileType = text.plist.xml; path = Info.plist; sourceTree = "<group>"; };
		17AC11A41CD24C6300B76EC6 /* RootViewController.swift */ = {isa = PBXFileReference; fileEncoding = 4; lastKnownFileType = sourcecode.swift; path = RootViewController.swift; sourceTree = "<group>"; };
		17AC11A51CD24C6300B76EC6 /* RootViewController.xib */ = {isa = PBXFileReference; fileEncoding = 4; lastKnownFileType = file.xib; path = RootViewController.xib; sourceTree = "<group>"; };
/* End PBXFileReference section */

/* Begin PBXFrameworksBuildPhase section */
		17AC118C1CD1B7E900B76EC6 /* Frameworks */ = {
			isa = PBXFrameworksBuildPhase;
			buildActionMask = 2147483647;
			files = (
			);
			runOnlyForDeploymentPostprocessing = 0;
		};
/* End PBXFrameworksBuildPhase section */

/* Begin PBXGroup section */
		17AC11861CD1B7E900B76EC6 = {
			isa = PBXGroup;
			children = (
				17AC11911CD1B7E900B76EC6 /* SwiftBasic */,
				17AC11901CD1B7E900B76EC6 /* Products */,
			);
			sourceTree = "<group>";
		};
		17AC11901CD1B7E900B76EC6 /* Products */ = {
			isa = PBXGroup;
			children = (
				17AC118F1CD1B7E900B76EC6 /* SwiftBasic.app */,
			);
			name = Products;
			sourceTree = "<group>";
		};
		17AC11911CD1B7E900B76EC6 /* SwiftBasic */ = {
			isa = PBXGroup;
			children = (
				17AC11921CD1B7E900B76EC6 /* AppDelegate.swift */,
				17AC11A41CD24C6300B76EC6 /* RootViewController.swift */,
				17AC11A51CD24C6300B76EC6 /* RootViewController.xib */,
				17AC11991CD1B7E900B76EC6 /* Assets.xcassets */,
				17AC119B1CD1B7E900B76EC6 /* LaunchScreen.storyboard */,
				17AC119E1CD1B7E900B76EC6 /* Info.plist */,
			);
			path = SwiftBasic;
			sourceTree = "<group>";
		};
/* End PBXGroup section */

/* Begin PBXNativeTarget section */
		17AC118E1CD1B7E900B76EC6 /* SwiftBasic */ = {
			isa = PBXNativeTarget;
			buildConfigurationList = 17AC11A11CD1B7E900B76EC6 /* Build configuration list for PBXNativeTarget "SwiftBasic" */;
			buildPhases = (
				17AC118B1CD1B7E900B76EC6 /* Sources */,
				17AC118C1CD1B7E900B76EC6 /* Frameworks */,
				17AC118D1CD1B7E900B76EC6 /* Resources */,
			);
			buildRules = (
			);
			dependencies = (
			);
			name = SwiftBasic;
			productName = SwiftBasic;
			productReference = 17AC118F1CD1B7E900B76EC6 /* SwiftBasic.app */;
			productType = "com.apple.product-type.application";
		};
/* End PBXNativeTarget section */

/* Begin PBXProject section */
		17AC11871CD1B7E900B76EC6 /* Project object */ = {
			isa = PBXProject;
			attributes = {
				LastSwiftUpdateCheck = 0720;
				LastUpgradeCheck = 0720;
				ORGANIZATIONNAME = "Vu Hoang";
				TargetAttributes = {
					17AC118E1CD1B7E900B76EC6 = {
						CreatedOnToolsVersion = 7.2.1;
						DevelopmentTeam = Z3W9B9SJ6S;
					};
				};
			};
			buildConfigurationList = 17AC118A1CD1B7E900B76EC6 /* Build configuration list for PBXProject "SwiftBasic" */;
			compatibilityVersion = "Xcode 3.2";
			developmentRegion = English;
			hasScannedForEncodings = 0;
			knownRegions = (
				en,
				Base,
			);
			mainGroup = 17AC11861CD1B7E900B76EC6;
			productRefGroup = 17AC11901CD1B7E900B76EC6 /* Products */;
			projectDirPath = "";
			projectRoot = "";
			targets = (
				17AC118E1CD1B7E900B76EC6 /* SwiftBasic */,
			);
		};
/* End PBXProject section */

/* Begin PBXResourcesBuildPhase section */
		17AC118D1CD1B7E900B76EC6 /* Resources */ = {
			isa = PBXResourcesBuildPhase;
			buildActionMask = 2147483647;
			files = (
				17AC119D1CD1B7E900B76EC6 /* LaunchScreen.storyboard in Resources */,
				17AC119A1CD1B7E900B76EC6 /* Assets.xcassets in Resources */,
				17AC11A71CD24C6300B76EC6 /* RootViewController.xib in Resources */,
			);
			runOnlyForDeploymentPostprocessing = 0;
		};
/* End PBXResourcesBuildPhase section */

/* Begin PBXSourcesBuildPhase section */
		17AC118B1CD1B7E900B76EC6 /* Sources */ = {
			isa = PBXSourcesBuildPhase;
			buildActionMask = 2147483647;
			files = (
				17AC11A61CD24C6300B76EC6 /* RootViewController.swift in Sources */,
				17AC11931CD1B7E900B76EC6 /* AppDelegate.swift in Sources */,
			);
			runOnlyForDeploymentPostprocessing = 0;
		};
/* End PBXSourcesBuildPhase section */

/* Begin PBXVariantGroup section */
		17AC119B1CD1B7E900B76EC6 /* LaunchScreen.storyboard */ = {
			isa = PBXVariantGroup;
			children = (
				17AC119C1CD1B7E900B76EC6 /* Base */,
			);
			name = LaunchScreen.storyboard;
			sourceTree = "<group>";
		};
/* End PBXVariantGroup section */

/* Begin XCBuildConfiguration section */
		17AC119F1CD1B7E900B76EC6 /* Debug */ = {
			isa = XCBuildConfiguration;
			buildSettings = {
				ALWAYS_SEARCH_USER_PATHS = NO;
				CLANG_CXX_LANGUAGE_STANDARD = "gnu++0x";
				CLANG_CXX_LIBRARY = "libc++";
				CLANG_ENABLE_MODULES = YES;
				CLANG_ENABLE_OBJC_ARC = YES;
				CLANG_WARN_BOOL_CONVERSION = YES;
				CLANG_WARN_CONSTANT_CONVERSION = YES;
				CLANG_WARN_DIRECT_OBJC_ISA_USAGE = YES_ERROR;
				CLANG_WARN_EMPTY_BODY = YES;
				CLANG_WARN_ENUM_CONVERSION = YES;
				CLANG_WARN_INT_CONVERSION = YES;
				CLANG_WARN_OBJC_ROOT_CLASS = YES_ERROR;
				CLANG_WARN_UNREACHABLE_CODE = YES;
				CLANG_WARN__DUPLICATE_METHOD_MATCH = YES;
				"CODE_SIGN_IDENTITY[sdk=iphoneos*]" = "iPhone Developer";
				COPY_PHASE_STRIP = NO;
				DEBUG_INFORMATION_FORMAT = dwarf;
				ENABLE_STRICT_OBJC_MSGSEND = YES;
				ENABLE_TESTABILITY = YES;
				GCC_C_LANGUAGE_STANDARD = gnu99;
				GCC_DYNAMIC_NO_PIC = NO;
				GCC_NO_COMMON_BLOCKS = YES;
				GCC_OPTIMIZATION_LEVEL = 0;
				GCC_PREPROCESSOR_DEFINITIONS = (
					"DEBUG=1",
					"$(inherited)",
				);
				GCC_WARN_64_TO_32_BIT_CONVERSION = YES;
				GCC_WARN_ABOUT_RETURN_TYPE = YES_ERROR;
				GCC_WARN_UNDECLARED_SELECTOR = YES;
				GCC_WARN_UNINITIALIZED_AUTOS = YES_AGGRESSIVE;
				GCC_WARN_UNUSED_FUNCTION = YES;
				GCC_WARN_UNUSED_VARIABLE = YES;
				IPHONEOS_DEPLOYMENT_TARGET = 9.2;
				MTL_ENABLE_DEBUG_INFO = YES;
				ONLY_ACTIVE_ARCH = YES;
				SDKROOT = iphoneos;
				SWIFT_OPTIMIZATION_LEVEL = "-Onone";
				TARGETED_DEVICE_FAMILY = "1,2";
			};
			name = Debug;
		};
		17AC11A01CD1B7E900B76EC6 /* Release */ = {
			isa = XCBuildConfiguration;
			buildSettings = {
				ALWAYS_SEARCH_USER_PATHS = NO;
				CLANG_CXX_LANGUAGE_STANDARD = "gnu++0x";
				CLANG_CXX_LIBRARY = "libc++";
				CLANG_ENABLE_MODULES = YES;
				CLANG_ENABLE_OBJC_ARC = YES;
				CLANG_WARN_BOOL_CONVERSION = YES;
				CLANG_WARN_CONSTANT_CONVERSION = YES;
				CLANG_WARN_DIRECT_OBJC_ISA_USAGE = YES_ERROR;
				CLANG_WARN_EMPTY_BODY = YES;
				CLANG_WARN_ENUM_CONVERSION = YES;
				CLANG_WARN_INT_CONVERSION = YES;
				CLANG_WARN_OBJC_ROOT_CLASS = YES_ERROR;
				CLANG_WARN_UNREACHABLE_CODE = YES;
				CLANG_WARN__DUPLICATE_METHOD_MATCH = YES;
				"CODE_SIGN_IDENTITY[sdk=iphoneos*]" = "iPhone Developer";
				COPY_PHASE_STRIP = NO;
				DEBUG_INFORMATION_FORMAT = "dwarf-with-dsym";
				ENABLE_NS_ASSERTIONS = NO;
				ENABLE_STRICT_OBJC_MSGSEND = YES;
				GCC_C_LANGUAGE_STANDARD = gnu99;
				GCC_NO_COMMON_BLOCKS = YES;
				GCC_WARN_64_TO_32_BIT_CONVERSION = YES;
				GCC_WARN_ABOUT_RETURN_TYPE = YES_ERROR;
				GCC_WARN_UNDECLARED_SELECTOR = YES;
				GCC_WARN_UNINITIALIZED_AUTOS = YES_AGGRESSIVE;
				GCC_WARN_UNUSED_FUNCTION = YES;
				GCC_WARN_UNUSED_VARIABLE = YES;
				IPHONEOS_DEPLOYMENT_TARGET = 9.2;
				MTL_ENABLE_DEBUG_INFO = NO;
				SDKROOT = iphoneos;
				TARGETED_DEVICE_FAMILY = "1,2";
				VALIDATE_PRODUCT = YES;
			};
			name = Release;
		};
		17AC11A21CD1B7E900B76EC6 /* Debug */ = {
			isa = XCBuildConfiguration;
			buildSettings = {
				ASSETCATALOG_COMPILER_APPICON_NAME = AppIcon;
				INFOPLIST_FILE = SwiftBasic/Info.plist;
				LD_RUNPATH_SEARCH_PATHS = "$(inherited) @executable_path/Frameworks";
				PRODUCT_BUNDLE_IDENTIFIER = homework.SwiftBasic;
				PRODUCT_NAME = "$(TARGET_NAME)";
			};
			name = Debug;
		};
		17AC11A31CD1B7E900B76EC6 /* Release */ = {
			isa = XCBuildConfiguration;
			buildSettings = {
				ASSETCATALOG_COMPILER_APPICON_NAME = AppIcon;
				INFOPLIST_FILE = SwiftBasic/Info.plist;
				LD_RUNPATH_SEARCH_PATHS = "$(inherited) @executable_path/Frameworks";
				PRODUCT_BUNDLE_IDENTIFIER = homework.SwiftBasic;
				PRODUCT_NAME = "$(TARGET_NAME)";
			};
			name = Release;
		};
/* End XCBuildConfiguration section */

/* Begin XCConfigurationList section */
		17AC118A1CD1B7E900B76EC6 /* Build configuration list for PBXProject "SwiftBasic" */ = {
			isa = XCConfigurationList;
			buildConfigurations = (
				17AC119F1CD1B7E900B76EC6 /* Debug */,
				17AC11A01CD1B7E900B76EC6 /* Release */,
			);
			defaultConfigurationIsVisible = 0;
			defaultConfigurationName = Release;
		};
		17AC11A11CD1B7E900B76EC6 /* Build configuration list for PBXNativeTarget "SwiftBasic" */ = {
			isa = XCConfigurationList;
			buildConfigurations = (
				17AC11A21CD1B7E900B76EC6 /* Debug */,
				17AC11A31CD1B7E900B76EC6 /* Release */,
			);
			defaultConfigurationIsVisible = 0;
			defaultConfigurationName = Release;
		};
/* End XCConfigurationList section */
	};
	rootObject = 17AC11871CD1B7E900B76EC6 /* Project object */;
}
