// !$*UTF8*$!
{
	archiveVersion = 1;
	classes = {
	};
	objectVersion = 46;
	objects = {

/* Begin PBXBuildFile section */
		17AC11B51CD3621900B76EC6 /* main.swift in Sources */ = {isa = PBXBuildFile; fileRef = 17AC11B41CD3621900B76EC6 /* main.swift */; };
		17AC11BC1CD363A700B76EC6 /* helpers.swift in Sources */ = {isa = PBXBuildFile; fileRef = 17AC11BB1CD363A700B76EC6 /* helpers.swift */; };
/* End PBXBuildFile section */

/* Begin PBXCopyFilesBuildPhase section */
		17AC11AF1CD3621900B76EC6 /* CopyFiles */ = {
			isa = PBXCopyFilesBuildPhase;
			buildActionMask = 2147483647;
			dstPath = /usr/share/man/man1/;
			dstSubfolderSpec = 0;
			files = (
			);
			runOnlyForDeploymentPostprocessing = 1;
		};
/* End PBXCopyFilesBuildPhase section */

/* Begin PBXFileReference section */
		17AC11B11CD3621900B76EC6 /* My First Project */ = {isa = PBXFileReference; explicitFileType = "compiled.mach-o.executable"; includeInIndex = 0; path = "My First Project"; sourceTree = BUILT_PRODUCTS_DIR; };
		17AC11B41CD3621900B76EC6 /* main.swift */ = {isa = PBXFileReference; lastKnownFileType = sourcecode.swift; path = main.swift; sourceTree = "<group>"; };
		17AC11BB1CD363A700B76EC6 /* helpers.swift */ = {isa = PBXFileReference; fileEncoding = 4; lastKnownFileType = sourcecode.swift; path = helpers.swift; sourceTree = "<group>"; };
/* End PBXFileReference section */

/* Begin PBXFrameworksBuildPhase section */
		17AC11AE1CD3621900B76EC6 /* Frameworks */ = {
			isa = PBXFrameworksBuildPhase;
			buildActionMask = 2147483647;
			files = (
			);
			runOnlyForDeploymentPostprocessing = 0;
		};
/* End PBXFrameworksBuildPhase section */

/* Begin PBXGroup section */
		17AC11A81CD3621900B76EC6 = {
			isa = PBXGroup;
			children = (
				17AC11B31CD3621900B76EC6 /* My First Project */,
				17AC11B21CD3621900B76EC6 /* Products */,
			);
			sourceTree = "<group>";
		};
		17AC11B21CD3621900B76EC6 /* Products */ = {
			isa = PBXGroup;
			children = (
				17AC11B11CD3621900B76EC6 /* My First Project */,
			);
			name = Products;
			sourceTree = "<group>";
		};
		17AC11B31CD3621900B76EC6 /* My First Project */ = {
			isa = PBXGroup;
			children = (
				17AC11B41CD3621900B76EC6 /* main.swift */,
				17AC11BB1CD363A700B76EC6 /* helpers.swift */,
			);
			path = "My First Project";
			sourceTree = "<group>";
		};
/* End PBXGroup section */

/* Begin PBXNativeTarget section */
		17AC11B01CD3621900B76EC6 /* My First Project */ = {
			isa = PBXNativeTarget;
			buildConfigurationList = 17AC11B81CD3621900B76EC6 /* Build configuration list for PBXNativeTarget "My First Project" */;
			buildPhases = (
				17AC11AD1CD3621900B76EC6 /* Sources */,
				17AC11AE1CD3621900B76EC6 /* Frameworks */,
				17AC11AF1CD3621900B76EC6 /* CopyFiles */,
			);
			buildRules = (
			);
			dependencies = (
			);
			name = "My First Project";
			productName = "My First Project";
			productReference = 17AC11B11CD3621900B76EC6 /* My First Project */;
			productType = "com.apple.product-type.tool";
		};
/* End PBXNativeTarget section */

/* Begin PBXProject section */
		17AC11A91CD3621900B76EC6 /* Project object */ = {
			isa = PBXProject;
			attributes = {
				LastSwiftUpdateCheck = 0720;
				LastUpgradeCheck = 0720;
				ORGANIZATIONNAME = "Vu Hoang";
				TargetAttributes = {
					17AC11B01CD3621900B76EC6 = {
						CreatedOnToolsVersion = 7.2.1;
					};
				};
			};
			buildConfigurationList = 17AC11AC1CD3621900B76EC6 /* Build configuration list for PBXProject "My First Project" */;
			compatibilityVersion = "Xcode 3.2";
			developmentRegion = English;
			hasScannedForEncodings = 0;
			knownRegions = (
				en,
			);
			mainGroup = 17AC11A81CD3621900B76EC6;
			productRefGroup = 17AC11B21CD3621900B76EC6 /* Products */;
			projectDirPath = "";
			projectRoot = "";
			targets = (
				17AC11B01CD3621900B76EC6 /* My First Project */,
			);
		};
/* End PBXProject section */

/* Begin PBXSourcesBuildPhase section */
		17AC11AD1CD3621900B76EC6 /* Sources */ = {
			isa = PBXSourcesBuildPhase;
			buildActionMask = 2147483647;
			files = (
				17AC11B51CD3621900B76EC6 /* main.swift in Sources */,
				17AC11BC1CD363A700B76EC6 /* helpers.swift in Sources */,
			);
			runOnlyForDeploymentPostprocessing = 0;
		};
/* End PBXSourcesBuildPhase section */

/* Begin XCBuildConfiguration section */
		17AC11B61CD3621900B76EC6 /* Debug */ = {
			isa = XCBuildConfiguration;
			buildSettings = {
				ALWAYS_SEARCH_USER_PATHS = NO;
				CLANG_CXX_LANGUAGE_STANDARD = "gnu++0x";
				CLANG_CXX_LIBRARY = "libc++";
				CLANG_ENABLE_MODULES = YES;
				CLANG_ENABLE_OBJC_ARC = YES;
				CLANG_WARN_BOOL_CONVERSION = YES;
				CLANG_WARN_CONSTANT_CONVERSION = YES;
				CLANG_WARN_DIRECT_OBJC_ISA_USAGE = YES_ERROR;
				CLANG_WARN_EMPTY_BODY = YES;
				CLANG_WARN_ENUM_CONVERSION = YES;
				CLANG_WARN_INT_CONVERSION = YES;
				CLANG_WARN_OBJC_ROOT_CLASS = YES_ERROR;
				CLANG_WARN_UNREACHABLE_CODE = YES;
				CLANG_WARN__DUPLICATE_METHOD_MATCH = YES;
				CODE_SIGN_IDENTITY = "-";
				COPY_PHASE_STRIP = NO;
				DEBUG_INFORMATION_FORMAT = dwarf;
				ENABLE_STRICT_OBJC_MSGSEND = YES;
				ENABLE_TESTABILITY = YES;
				GCC_C_LANGUAGE_STANDARD = gnu99;
				GCC_DYNAMIC_NO_PIC = NO;
				GCC_NO_COMMON_BLOCKS = YES;
				GCC_OPTIMIZATION_LEVEL = 0;
				GCC_PREPROCESSOR_DEFINITIONS = (
					"DEBUG=1",
					"$(inherited)",
				);
				GCC_WARN_64_TO_32_BIT_CONVERSION = YES;
				GCC_WARN_ABOUT_RETURN_TYPE = YES_ERROR;
				GCC_WARN_UNDECLARED_SELECTOR = YES;
				GCC_WARN_UNINITIALIZED_AUTOS = YES_AGGRESSIVE;
				GCC_WARN_UNUSED_FUNCTION = YES;
				GCC_WARN_UNUSED_VARIABLE = YES;
				MACOSX_DEPLOYMENT_TARGET = 10.11;
				MTL_ENABLE_DEBUG_INFO = YES;
				ONLY_ACTIVE_ARCH = YES;
				SDKROOT = macosx;
				SWIFT_OPTIMIZATION_LEVEL = "-Onone";
			};
			name = Debug;
		};
		17AC11B71CD3621900B76EC6 /* Release */ = {
			isa = XCBuildConfiguration;
			buildSettings = {
				ALWAYS_SEARCH_USER_PATHS = NO;
				CLANG_CXX_LANGUAGE_STANDARD = "gnu++0x";
				CLANG_CXX_LIBRARY = "libc++";
				CLANG_ENABLE_MODULES = YES;
				CLANG_ENABLE_OBJC_ARC = YES;
				CLANG_WARN_BOOL_CONVERSION = YES;
				CLANG_WARN_CONSTANT_CONVERSION = YES;
				CLANG_WARN_DIRECT_OBJC_ISA_USAGE = YES_ERROR;
				CLANG_WARN_EMPTY_BODY = YES;
				CLANG_WARN_ENUM_CONVERSION = YES;
				CLANG_WARN_INT_CONVERSION = YES;
				CLANG_WARN_OBJC_ROOT_CLASS = YES_ERROR;
				CLANG_WARN_UNREACHABLE_CODE = YES;
				CLANG_WARN__DUPLICATE_METHOD_MATCH = YES;
				CODE_SIGN_IDENTITY = "-";
				COPY_PHASE_STRIP = NO;
				DEBUG_INFORMATION_FORMAT = "dwarf-with-dsym";
				ENABLE_NS_ASSERTIONS = NO;
				ENABLE_STRICT_OBJC_MSGSEND = YES;
				GCC_C_LANGUAGE_STANDARD = gnu99;
				GCC_NO_COMMON_BLOCKS = YES;
				GCC_WARN_64_TO_32_BIT_CONVERSION = YES;
				GCC_WARN_ABOUT_RETURN_TYPE = YES_ERROR;
				GCC_WARN_UNDECLARED_SELECTOR = YES;
				GCC_WARN_UNINITIALIZED_AUTOS = YES_AGGRESSIVE;
				GCC_WARN_UNUSED_FUNCTION = YES;
				GCC_WARN_UNUSED_VARIABLE = YES;
				MACOSX_DEPLOYMENT_TARGET = 10.11;
				MTL_ENABLE_DEBUG_INFO = NO;
				SDKROOT = macosx;
			};
			name = Release;
		};
		17AC11B91CD3621900B76EC6 /* Debug */ = {
			isa = XCBuildConfiguration;
			buildSettings = {
				PRODUCT_NAME = "$(TARGET_NAME)";
			};
			name = Debug;
		};
		17AC11BA1CD3621900B76EC6 /* Release */ = {
			isa = XCBuildConfiguration;
			buildSettings = {
				PRODUCT_NAME = "$(TARGET_NAME)";
			};
			name = Release;
		};
/* End XCBuildConfiguration section */

/* Begin XCConfigurationList section */
		17AC11AC1CD3621900B76EC6 /* Build configuration list for PBXProject "My First Project" */ = {
			isa = XCConfigurationList;
			buildConfigurations = (
				17AC11B61CD3621900B76EC6 /* Debug */,
				17AC11B71CD3621900B76EC6 /* Release */,
			);
			defaultConfigurationIsVisible = 0;
			defaultConfigurationName = Release;
		};
		17AC11B81CD3621900B76EC6 /* Build configuration list for PBXNativeTarget "My First Project" */ = {
			isa = XCConfigurationList;
			buildConfigurations = (
				17AC11B91CD3621900B76EC6 /* Debug */,
				17AC11BA1CD3621900B76EC6 /* Release */,
			);
			defaultConfigurationIsVisible = 0;
		};
/* End XCConfigurationList section */
	};
	rootObject = 17AC11A91CD3621900B76EC6 /* Project object */;
}
